# This file is automatically @generated by Cargo.
# It is not intended for manual editing.
version = 4

[[package]]
name = "tpt-mathr"
version = "0.1.0"
dependencies = [
 "tpt-mathr-arith",
 "tpt-mathr-base",
 "tpt-mathr-poly",
 "tpt-mathr-search",
 "tpt-mathr-symbolic",
 "tpt-mathr-verify",
]

[[package]]
name = "tpt-mathr-arith"
version = "0.1.0"
dependencies = [
 "tpt-mathr-base",
]

[[package]]
name = "tpt-mathr-base"
version = "0.1.0"

[[package]]
name = "tpt-mathr-bench"
version = "0.1.0"
dependencies = [
 "tpt-mathr-arith",
]

[[package]]
name = "tpt-mathr-cli"
version = "0.1.0"
dependencies = [
 "tpt-mathr-arith",
 "tpt-mathr-base",
 "tpt-mathr-poly",
 "tpt-mathr-search",
 "tpt-mathr-verify",
]

[[package]]
name = "tpt-mathr-ffi"
version = "0.1.0"
dependencies = [
 "tpt-mathr-arith",
 "tpt-mathr-base",
]

[[package]]
name = "tpt-mathr-poly"
version = "0.1.0"
dependencies = [
 "tpt-mathr-arith",
 "tpt-mathr-base",
]

[[package]]
name = "tpt-mathr-search"
version = "0.1.0"
dependencies = [
 "tpt-mathr-arith",
 "tpt-mathr-base",
]

[[package]]
name = "tpt-mathr-symbolic"
version = "0.1.0"
dependencies = [
 "tpt-mathr-arith",
 "tpt-mathr-base",
 "tpt-mathr-poly",
]

[[package]]
name = "tpt-mathr-verify"
version = "0.1.0"
dependencies = [
 "tpt-mathr-arith",
 "tpt-mathr-base",
]
